
Microsoft Visual Studio Solution File, Format Version 12.00
# Visual Studio 14
VisualStudioVersion = 14.0.25420.1
MinimumVisualStudioVersion = 10.0.40219.1
Project("{FAE04EC0-301F-11D3-BF4B-00C04F79EFBC}") = "Grades", "Grades\Grades.csproj", "{8B322AB9-4933-44DC-AAEA-6F20B4FE968A}"
EndProject
Project("{FAE04EC0-301F-11D3-BF4B-00C04F79EFBC}") = "Grade.Tests", "Grade.Tests\Grade.Tests.csproj", "{9B83312E-4087-4E10-B90B-EFD1F3906D40}"
EndProject
Global
	GlobalSection(SolutionConfigurationPlatforms) = preSolution
		Debug|Any CPU = Debug|Any CPU
		Release|Any CPU = Release|Any CPU
	EndGlobalSection
	GlobalSection(ProjectConfigurationPlatforms) = postSolution
		{8B322AB9-4933-44DC-AAEA-6F20B4FE968A}.Debug|Any CPU.ActiveCfg = Debug|Any CPU
		{8B322AB9-4933-44DC-AAEA-6F20B4FE968A}.Debug|Any CPU.Build.0 = Debug|Any CPU
		{8B322AB9-4933-44DC-AAEA-6F20B4FE968A}.Release|Any CPU.ActiveCfg = Release|Any CPU
		{8B322AB9-4933-44DC-AAEA-6F20B4FE968A}.Release|Any CPU.Build.0 = Release|Any CPU
		{9B83312E-4087-4E10-B90B-EFD1F3906D40}.Debug|Any CPU.ActiveCfg = Debug|Any CPU
		{9B83312E-4087-4E10-B90B-EFD1F3906D40}.Debug|Any CPU.Build.0 = Debug|Any CPU
		{9B83312E-4087-4E10-B90B-EFD1F3906D40}.Release|Any CPU.ActiveCfg = Release|Any CPU
		{9B83312E-4087-4E10-B90B-EFD1F3906D40}.Release|Any CPU.Build.0 = Release|Any CPU
	EndGlobalSection
	GlobalSection(SolutionProperties) = preSolution
		HideSolutionNode = FALSE
	EndGlobalSection
EndGlobal
